<?xml version="1.0" encoding="UTF-8" standalone="yes" ?>
<CodeBlocks_project_file>
	<FileVersion major="1" minor="6" />
	<Project>
		<Option title="Space Invaders" />
		<Option pch_mode="2" />
		<Option compiler="gcc" />
		<Build>
			<Target title="Debug">
				<Option output="bin/Debug/Space Invaders" prefix_auto="1" extension_auto="1" />
				<Option object_output="obj/Debug/" />
				<Option type="0" />
				<Option compiler="gcc" />
				<Compiler>
					<Add option="-g" />
					<Add option="-DALLEGRO_STATICLINK" />
					<Add directory="../../../../Allegro/allegro-5.0.10-mingw-4.7.0/include" />
					<Add directory="../VeggieWars" />
				</Compiler>
				<Linker>
					<Add option="-static-libgcc" />
					<Add option="-static-libstdc++" />
					<Add library="..\..\..\..\Allegro\allegro-5.0.10-mingw-4.7.0\lib\Static\liballegro-5.0.10-static-mt.a" />
					<Add library="..\..\..\..\Allegro\allegro-5.0.10-mingw-4.7.0\lib\Static\liballegro_acodec-5.0.10-static-mt.a" />
					<Add library="..\..\..\..\Allegro\allegro-5.0.10-mingw-4.7.0\lib\Static\liballegro_audio-5.0.10-static-mt.a" />
					<Add library="..\..\..\..\Allegro\allegro-5.0.10-mingw-4.7.0\lib\Static\libvorbisfile-1.3.2-static-mt.a" />
					<Add library="..\..\..\..\Allegro\allegro-5.0.10-mingw-4.7.0\lib\Static\libvorbis-1.3.2-static-mt.a" />
					<Add library="..\..\..\..\Allegro\allegro-5.0.10-mingw-4.7.0\lib\Static\liballegro_color-5.0.10-static-mt.a" />
					<Add library="..\..\..\..\Allegro\allegro-5.0.10-mingw-4.7.0\lib\Static\liballegro_dialog-5.0.10-static-mt.a" />
					<Add library="..\..\..\..\Allegro\allegro-5.0.10-mingw-4.7.0\lib\Static\liballegro_font-5.0.10-static-mt.a" />
					<Add library="..\..\..\..\Allegro\allegro-5.0.10-mingw-4.7.0\lib\Static\liballegro_image-5.0.10-static-mt.a" />
					<Add library="..\..\..\..\Allegro\allegro-5.0.10-mingw-4.7.0\lib\Static\liballegro_memfile-5.0.10-static-mt.a" />
					<Add library="..\..\..\..\Allegro\allegro-5.0.10-mingw-4.7.0\lib\Static\liballegro_physfs-5.0.10-static-mt.a" />
					<Add library="..\..\..\..\Allegro\allegro-5.0.10-mingw-4.7.0\lib\Static\liballegro_primitives-5.0.10-static-mt.a" />
					<Add library="..\..\..\..\Allegro\allegro-5.0.10-mingw-4.7.0\lib\Static\liballegro_ttf-5.0.10-static-mt.a" />
					<Add library="..\..\..\..\Allegro\allegro-5.0.10-mingw-4.7.0\lib\Static\libdumb-0.9.3-static-mt.a" />
					<Add library="..\..\..\..\Allegro\allegro-5.0.10-mingw-4.7.0\lib\Static\libFLAC-1.2.1-static-mt.a" />
					<Add library="..\..\..\..\Allegro\allegro-5.0.10-mingw-4.7.0\lib\Static\libfreetype-2.4.8-static-mt.a" />
					<Add library="..\..\..\..\Allegro\allegro-5.0.10-mingw-4.7.0\lib\Static\libogg-1.2.1-static-mt.a" />
					<Add library="..\..\..\..\Allegro\allegro-5.0.10-mingw-4.7.0\lib\Static\libzlib-1.2.5-static-mt.a" />
					<Add library="..\..\..\..\Allegro\allegro-5.0.10-mingw-4.7.0\lib\Static\libopenal-1.14-static-mt.a" />
					<Add library="..\..\..\..\MinGW\lib\libgdiplus.a" />
					<Add library="..\..\..\..\MinGW\lib\libuuid.a" />
					<Add library="..\..\..\..\MinGW\lib\libkernel32.a" />
					<Add library="..\..\..\..\MinGW\lib\libwinmm.a" />
					<Add library="..\..\..\..\MinGW\lib\libpsapi.a" />
					<Add library="..\..\..\..\MinGW\lib\libopengl32.a" />
					<Add library="..\..\..\..\MinGW\lib\libglu32.a" />
					<Add library="..\..\..\..\MinGW\lib\libuser32.a" />
					<Add library="..\..\..\..\MinGW\lib\libcomdlg32.a" />
					<Add library="..\..\..\..\MinGW\lib\libgdi32.a" />
					<Add library="..\..\..\..\MinGW\lib\libshell32.a" />
					<Add library="..\..\..\..\MinGW\lib\libole32.a" />
					<Add library="..\..\..\..\MinGW\lib\libadvapi32.a" />
					<Add library="..\..\..\..\MinGW\lib\libws2_32.a" />
					<Add library="..\..\..\..\MinGW\lib\libshlwapi.a" />
				</Linker>
			</Target>
			<Target title="Release">
				<Option output="bin/Release/Space Invaders" prefix_auto="1" extension_auto="1" />
				<Option object_output="obj/Release/" />
				<Option type="0" />
				<Option compiler="gcc" />
				<Compiler>
					<Add option="-O2" />
				</Compiler>
				<Linker>
					<Add option="-s" />
				</Linker>
			</Target>
		</Build>
		<Compiler>
			<Add option="-Wall" />
			<Add option="-fexceptions" />
		</Compiler>
		<Unit filename="bullet.cpp" />
		<Unit filename="bullet.h" />
		<Unit filename="character.cpp" />
		<Unit filename="character.h" />
		<Unit filename="main.cpp" />
		<Unit filename="view.cpp" />
		<Unit filename="view.h" />
		<Extensions>
			<code_completion />
			<debugger />
			<envvars />
		</Extensions>
	</Project>
</CodeBlocks_project_file>
